{
  "originHash" : "8f6f3c38996631edd2f58641497be89d7756dda5eeba77eecdfc0e5ad70b3239",
  "pins" : [
    {
      "identity" : "compassui",
      "kind" : "remoteSourceControl",
      "location" : "https://github.com/yannbonafons/CompassUI",
      "state" : {
        "revision" : "7dcc655990a9c678778bd297fdeb5f939c1a2f13",
        "version" : "0.1.0"
      }
    }
  ],
  "version" : 3
}
